
Microsoft Visual Studio Solution File, Format Version 12.00
# Visual Studio Version 16
VisualStudioVersion = 16.0.31702.278
MinimumVisualStudioVersion = 10.0.40219.1
Project("{FAE04EC0-301F-11D3-BF4B-00C04F79EFBC}") = "NamespaceEx", "NamespaceEx.csproj", "{37993DA7-C551-498A-A37A-C0338B8A4D1F}"
EndProject
Global
	GlobalSection(SolutionConfigurationPlatforms) = preSolution
		Debug|Any CPU = Debug|Any CPU
		Release|Any CPU = Release|Any CPU
	EndGlobalSection
	GlobalSection(ProjectConfigurationPlatforms) = postSolution
		{37993DA7-C551-498A-A37A-C0338B8A4D1F}.Debug|Any CPU.ActiveCfg = Debug|Any CPU
		{37993DA7-C551-498A-A37A-C0338B8A4D1F}.Debug|Any CPU.Build.0 = Debug|Any CPU
		{37993DA7-C551-498A-A37A-C0338B8A4D1F}.Release|Any CPU.ActiveCfg = Release|Any CPU
		{37993DA7-C551-498A-A37A-C0338B8A4D1F}.Release|Any CPU.Build.0 = Release|Any CPU
	EndGlobalSection
	GlobalSection(SolutionProperties) = preSolution
		HideSolutionNode = FALSE
	EndGlobalSection
	GlobalSection(ExtensibilityGlobals) = postSolution
		SolutionGuid = {C0299C82-B2D9-45ED-A01B-1F9F63FE99A9}
	EndGlobalSection
EndGlobal
